
Microsoft Visual Studio Solution File, Format Version 12.00
# Visual Studio Version 17
VisualStudioVersion = 17.11.35222.181
MinimumVisualStudioVersion = 10.0.40219.1
Project("{FAE04EC0-301F-11D3-BF4B-00C04F79EFBC}") = "RigoRigo", "RigoRigo\RigoRigo.csproj", "{87F0A71C-5770-4969-85CC-139B8CF612D8}"
EndProject
Project("{FAE04EC0-301F-11D3-BF4B-00C04F79EFBC}") = "RigoRigo.Negocio", "RigoRigo.Negocio\RigoRigo.Negocio.csproj", "{F46CD35A-B90F-4378-821C-F78058CFC10F}"
EndProject
Project("{FAE04EC0-301F-11D3-BF4B-00C04F79EFBC}") = "RigoRigo.AccesoDatos", "RigoRigo.AccesoDatos\RigoRigo.AccesoDatos.csproj", "{0218C57A-00AC-4922-AD12-B04CD552C6EA}"
EndProject
Project("{FAE04EC0-301F-11D3-BF4B-00C04F79EFBC}") = "RigoRigo.Modelos", "RigoRigo.Modelos\RigoRigo.Modelos.csproj", "{23E4109A-8DF8-4DAC-805E-24C39C7E9911}"
EndProject
Global
	GlobalSection(SolutionConfigurationPlatforms) = preSolution
		Debug|Any CPU = Debug|Any CPU
		Release|Any CPU = Release|Any CPU
	EndGlobalSection
	GlobalSection(ProjectConfigurationPlatforms) = postSolution
		{87F0A71C-5770-4969-85CC-139B8CF612D8}.Debug|Any CPU.ActiveCfg = Debug|Any CPU
		{87F0A71C-5770-4969-85CC-139B8CF612D8}.Debug|Any CPU.Build.0 = Debug|Any CPU
		{87F0A71C-5770-4969-85CC-139B8CF612D8}.Release|Any CPU.ActiveCfg = Release|Any CPU
		{87F0A71C-5770-4969-85CC-139B8CF612D8}.Release|Any CPU.Build.0 = Release|Any CPU
		{F46CD35A-B90F-4378-821C-F78058CFC10F}.Debug|Any CPU.ActiveCfg = Debug|Any CPU
		{F46CD35A-B90F-4378-821C-F78058CFC10F}.Debug|Any CPU.Build.0 = Debug|Any CPU
		{F46CD35A-B90F-4378-821C-F78058CFC10F}.Release|Any CPU.ActiveCfg = Release|Any CPU
		{F46CD35A-B90F-4378-821C-F78058CFC10F}.Release|Any CPU.Build.0 = Release|Any CPU
		{0218C57A-00AC-4922-AD12-B04CD552C6EA}.Debug|Any CPU.ActiveCfg = Debug|Any CPU
		{0218C57A-00AC-4922-AD12-B04CD552C6EA}.Debug|Any CPU.Build.0 = Debug|Any CPU
		{0218C57A-00AC-4922-AD12-B04CD552C6EA}.Release|Any CPU.ActiveCfg = Release|Any CPU
		{0218C57A-00AC-4922-AD12-B04CD552C6EA}.Release|Any CPU.Build.0 = Release|Any CPU
		{23E4109A-8DF8-4DAC-805E-24C39C7E9911}.Debug|Any CPU.ActiveCfg = Debug|Any CPU
		{23E4109A-8DF8-4DAC-805E-24C39C7E9911}.Debug|Any CPU.Build.0 = Debug|Any CPU
		{23E4109A-8DF8-4DAC-805E-24C39C7E9911}.Release|Any CPU.ActiveCfg = Release|Any CPU
		{23E4109A-8DF8-4DAC-805E-24C39C7E9911}.Release|Any CPU.Build.0 = Release|Any CPU
	EndGlobalSection
	GlobalSection(SolutionProperties) = preSolution
		HideSolutionNode = FALSE
	EndGlobalSection
	GlobalSection(ExtensibilityGlobals) = postSolution
		SolutionGuid = {290D4922-CB3E-4E65-A762-DE8278379E0F}
	EndGlobalSection
EndGlobal
